Microsoft Visual Studio Solution File, Format Version 12.00
# Visual Studio 15
VisualStudioVersion = 15.0.26124.0
MinimumVisualStudioVersion = 15.0.26124.0
Project("{9A19103F-16F7-4668-BE54-9A1E7A4F7556}") = "Eaton.Mentoria.Domain", "Eaton.Mentoria.Domain\Eaton.Mentoria.Domain.csproj", "{01CAD471-4FCA-4F68-B0BA-20750E91A223}"
EndProject
Project("{9A19103F-16F7-4668-BE54-9A1E7A4F7556}") = "Eaton.Mentoria.Repository", "Eaton.Mentoria.Repository\Eaton.Mentoria.Repository.csproj", "{6CAEE68C-9154-4535-A6AB-DB295A024C12}"
EndProject
Project("{9A19103F-16F7-4668-BE54-9A1E7A4F7556}") = "Eaton.Mentoria.WebApi", "Eaton.Mentoria.WebApi\Eaton.Mentoria.WebApi.csproj", "{226D734F-B6BF-4792-AD81-9B891D20B9C5}"
EndProject
Global
	GlobalSection(SolutionConfigurationPlatforms) = preSolution
		Debug|Any CPU = Debug|Any CPU
		Debug|x64 = Debug|x64
		Debug|x86 = Debug|x86
		Release|Any CPU = Release|Any CPU
		Release|x64 = Release|x64
		Release|x86 = Release|x86
	EndGlobalSection
	GlobalSection(ProjectConfigurationPlatforms) = postSolution
		{01CAD471-4FCA-4F68-B0BA-20750E91A223}.Debug|Any CPU.ActiveCfg = Debug|Any CPU
		{01CAD471-4FCA-4F68-B0BA-20750E91A223}.Debug|Any CPU.Build.0 = Debug|Any CPU
		{01CAD471-4FCA-4F68-B0BA-20750E91A223}.Debug|x64.ActiveCfg = Debug|Any CPU
		{01CAD471-4FCA-4F68-B0BA-20750E91A223}.Debug|x64.Build.0 = Debug|Any CPU
		{01CAD471-4FCA-4F68-B0BA-20750E91A223}.Debug|x86.ActiveCfg = Debug|Any CPU
		{01CAD471-4FCA-4F68-B0BA-20750E91A223}.Debug|x86.Build.0 = Debug|Any CPU
		{01CAD471-4FCA-4F68-B0BA-20750E91A223}.Release|Any CPU.ActiveCfg = Release|Any CPU
		{01CAD471-4FCA-4F68-B0BA-20750E91A223}.Release|Any CPU.Build.0 = Release|Any CPU
		{01CAD471-4FCA-4F68-B0BA-20750E91A223}.Release|x64.ActiveCfg = Release|Any CPU
		{01CAD471-4FCA-4F68-B0BA-20750E91A223}.Release|x64.Build.0 = Release|Any CPU
		{01CAD471-4FCA-4F68-B0BA-20750E91A223}.Release|x86.ActiveCfg = Release|Any CPU
		{01CAD471-4FCA-4F68-B0BA-20750E91A223}.Release|x86.Build.0 = Release|Any CPU
		{6CAEE68C-9154-4535-A6AB-DB295A024C12}.Debug|Any CPU.ActiveCfg = Debug|Any CPU
		{6CAEE68C-9154-4535-A6AB-DB295A024C12}.Debug|Any CPU.Build.0 = Debug|Any CPU
		{6CAEE68C-9154-4535-A6AB-DB295A024C12}.Debug|x64.ActiveCfg = Debug|Any CPU
		{6CAEE68C-9154-4535-A6AB-DB295A024C12}.Debug|x64.Build.0 = Debug|Any CPU
		{6CAEE68C-9154-4535-A6AB-DB295A024C12}.Debug|x86.ActiveCfg = Debug|Any CPU
		{6CAEE68C-9154-4535-A6AB-DB295A024C12}.Debug|x86.Build.0 = Debug|Any CPU
		{6CAEE68C-9154-4535-A6AB-DB295A024C12}.Release|Any CPU.ActiveCfg = Release|Any CPU
		{6CAEE68C-9154-4535-A6AB-DB295A024C12}.Release|Any CPU.Build.0 = Release|Any CPU
		{6CAEE68C-9154-4535-A6AB-DB295A024C12}.Release|x64.ActiveCfg = Release|Any CPU
		{6CAEE68C-9154-4535-A6AB-DB295A024C12}.Release|x64.Build.0 = Release|Any CPU
		{6CAEE68C-9154-4535-A6AB-DB295A024C12}.Release|x86.ActiveCfg = Release|Any CPU
		{6CAEE68C-9154-4535-A6AB-DB295A024C12}.Release|x86.Build.0 = Release|Any CPU
		{226D734F-B6BF-4792-AD81-9B891D20B9C5}.Debug|Any CPU.ActiveCfg = Debug|Any CPU
		{226D734F-B6BF-4792-AD81-9B891D20B9C5}.Debug|Any CPU.Build.0 = Debug|Any CPU
		{226D734F-B6BF-4792-AD81-9B891D20B9C5}.Debug|x64.ActiveCfg = Debug|Any CPU
		{226D734F-B6BF-4792-AD81-9B891D20B9C5}.Debug|x64.Build.0 = Debug|Any CPU
		{226D734F-B6BF-4792-AD81-9B891D20B9C5}.Debug|x86.ActiveCfg = Debug|Any CPU
		{226D734F-B6BF-4792-AD81-9B891D20B9C5}.Debug|x86.Build.0 = Debug|Any CPU
		{226D734F-B6BF-4792-AD81-9B891D20B9C5}.Release|Any CPU.ActiveCfg = Release|Any CPU
		{226D734F-B6BF-4792-AD81-9B891D20B9C5}.Release|Any CPU.Build.0 = Release|Any CPU
		{226D734F-B6BF-4792-AD81-9B891D20B9C5}.Release|x64.ActiveCfg = Release|Any CPU
		{226D734F-B6BF-4792-AD81-9B891D20B9C5}.Release|x64.Build.0 = Release|Any CPU
		{226D734F-B6BF-4792-AD81-9B891D20B9C5}.Release|x86.ActiveCfg = Release|Any CPU
		{226D734F-B6BF-4792-AD81-9B891D20B9C5}.Release|x86.Build.0 = Release|Any CPU
	EndGlobalSection
	GlobalSection(SolutionProperties) = preSolution
		HideSolutionNode = FALSE
	EndGlobalSection
	GlobalSection(ExtensibilityGlobals) = postSolution
		SolutionGuid = {89F8624A-3932-41F9-832B-C1EAAAA40961}
	EndGlobalSection
EndGlobal
